
Microsoft Visual Studio Solution File, Format Version 12.00
# Visual Studio 2012
Project("{FAE04EC0-301F-11D3-BF4B-00C04F79EFBC}") = "1. CSharpCleanCode", "1. CSharpCleanCode\1. CSharpCleanCode.csproj", "{1B20B9B5-584D-410A-9481-504C2860B6CD}"
EndProject
Project("{FAE04EC0-301F-11D3-BF4B-00C04F79EFBC}") = "3. Employees", "3. Employees\3. Employees.csproj", "{A15771FE-68FB-4721-AA37-FB5F13AEDC57}"
EndProject
Global
	GlobalSection(SolutionConfigurationPlatforms) = preSolution
		Debug|Any CPU = Debug|Any CPU
		Release|Any CPU = Release|Any CPU
	EndGlobalSection
	GlobalSection(ProjectConfigurationPlatforms) = postSolution
		{1B20B9B5-584D-410A-9481-504C2860B6CD}.Debug|Any CPU.ActiveCfg = Debug|Any CPU
		{1B20B9B5-584D-410A-9481-504C2860B6CD}.Debug|Any CPU.Build.0 = Debug|Any CPU
		{1B20B9B5-584D-410A-9481-504C2860B6CD}.Release|Any CPU.ActiveCfg = Release|Any CPU
		{1B20B9B5-584D-410A-9481-504C2860B6CD}.Release|Any CPU.Build.0 = Release|Any CPU
		{A15771FE-68FB-4721-AA37-FB5F13AEDC57}.Debug|Any CPU.ActiveCfg = Debug|Any CPU
		{A15771FE-68FB-4721-AA37-FB5F13AEDC57}.Debug|Any CPU.Build.0 = Debug|Any CPU
		{A15771FE-68FB-4721-AA37-FB5F13AEDC57}.Release|Any CPU.ActiveCfg = Release|Any CPU
		{A15771FE-68FB-4721-AA37-FB5F13AEDC57}.Release|Any CPU.Build.0 = Release|Any CPU
	EndGlobalSection
	GlobalSection(SolutionProperties) = preSolution
		HideSolutionNode = FALSE
	EndGlobalSection
EndGlobal
