
Microsoft Visual Studio Solution File, Format Version 12.00
# Visual Studio 2012
Project("{2150E333-8FDC-42A3-9474-1A3956D46DE8}") = "Solution Items", "Solution Items", "{FBA8C50C-B911-4348-9A27-F1C2F9A7F8AB}"
	ProjectSection(SolutionItems) = preProject
		1. PageRefactoring.html = 1. PageRefactoring.html
		Homework-Design-1.html = Homework-Design-1.html
		Homework-Design-2.html = Homework-Design-2.html
	EndProjectSection
EndProject
Global
	GlobalSection(SolutionProperties) = preSolution
		HideSolutionNode = FALSE
	EndGlobalSection
EndGlobal
