
Microsoft Visual Studio Solution File, Format Version 12.00
# Visual Studio 2012
Project("{FAE04EC0-301F-11D3-BF4B-00C04F79EFBC}") = "1. ValueExchange", "1. ValueExchange\1. ValueExchange.csproj", "{FD031000-DD3D-4E88-9048-B777434E7044}"
EndProject
Project("{FAE04EC0-301F-11D3-BF4B-00C04F79EFBC}") = "2. PositiveOrNegative", "2. PositiveOrNegative\2. PositiveOrNegative.csproj", "{3D1BAD88-0BBB-427F-B606-2728A3DC4BD7}"
EndProject
Project("{FAE04EC0-301F-11D3-BF4B-00C04F79EFBC}") = "3. NestedIf's", "3. NestedIf's\3. NestedIf's.csproj", "{41DDFCB9-3350-486F-9B48-F3BE448D114B}"
EndProject
Project("{FAE04EC0-301F-11D3-BF4B-00C04F79EFBC}") = "4. Sorting", "4. Sorting\4. Sorting.csproj", "{D01F2E20-D7B0-4FCC-BB59-FF53DE9C3013}"
EndProject
Project("{FAE04EC0-301F-11D3-BF4B-00C04F79EFBC}") = "5. DigitName", "5. DigitName\5. DigitName.csproj", "{6A8C6F8A-3B42-4297-96BF-16B0CB78BCD7}"
EndProject
Project("{FAE04EC0-301F-11D3-BF4B-00C04F79EFBC}") = "6. QuadraticEquasion", "6. QuadraticEquasion\6. QuadraticEquasion.csproj", "{C0F71487-8CF9-4442-961E-D4230199BE74}"
EndProject
Project("{FAE04EC0-301F-11D3-BF4B-00C04F79EFBC}") = "7. GreatestVariable", "7. GreatestVariable\7. GreatestVariable.csproj", "{4050433E-37D9-4CC8-B7C2-42071A8BC02B}"
EndProject
Project("{FAE04EC0-301F-11D3-BF4B-00C04F79EFBC}") = "8. IntDoubleOrString", "8. IntDoubleOrString\8. IntDoubleOrString.csproj", "{E3D311A3-67FB-479A-A530-DD346893D236}"
EndProject
Project("{FAE04EC0-301F-11D3-BF4B-00C04F79EFBC}") = "10. BonusScores", "10. BonusScores\10. BonusScores.csproj", "{B7C7A734-7C78-4B2C-8B66-9B0476B2AB06}"
EndProject
Project("{FAE04EC0-301F-11D3-BF4B-00C04F79EFBC}") = "11. NumberToText", "11. NumberToText\11. NumberToText.csproj", "{AAB8D085-40C7-44B0-A7DF-2C44485B5709}"
EndProject
Project("{FAE04EC0-301F-11D3-BF4B-00C04F79EFBC}") = "9. SubsetSum", "9. SubsetSum\9. SubsetSum.csproj", "{2D1E728B-5BA9-4FDF-89DC-4199267B0FB1}"
EndProject
Global
	GlobalSection(SolutionConfigurationPlatforms) = preSolution
		Debug|Any CPU = Debug|Any CPU
		Release|Any CPU = Release|Any CPU
	EndGlobalSection
	GlobalSection(ProjectConfigurationPlatforms) = postSolution
		{FD031000-DD3D-4E88-9048-B777434E7044}.Debug|Any CPU.ActiveCfg = Debug|Any CPU
		{FD031000-DD3D-4E88-9048-B777434E7044}.Debug|Any CPU.Build.0 = Debug|Any CPU
		{FD031000-DD3D-4E88-9048-B777434E7044}.Release|Any CPU.ActiveCfg = Release|Any CPU
		{FD031000-DD3D-4E88-9048-B777434E7044}.Release|Any CPU.Build.0 = Release|Any CPU
		{3D1BAD88-0BBB-427F-B606-2728A3DC4BD7}.Debug|Any CPU.ActiveCfg = Debug|Any CPU
		{3D1BAD88-0BBB-427F-B606-2728A3DC4BD7}.Debug|Any CPU.Build.0 = Debug|Any CPU
		{3D1BAD88-0BBB-427F-B606-2728A3DC4BD7}.Release|Any CPU.ActiveCfg = Release|Any CPU
		{3D1BAD88-0BBB-427F-B606-2728A3DC4BD7}.Release|Any CPU.Build.0 = Release|Any CPU
		{41DDFCB9-3350-486F-9B48-F3BE448D114B}.Debug|Any CPU.ActiveCfg = Debug|Any CPU
		{41DDFCB9-3350-486F-9B48-F3BE448D114B}.Debug|Any CPU.Build.0 = Debug|Any CPU
		{41DDFCB9-3350-486F-9B48-F3BE448D114B}.Release|Any CPU.ActiveCfg = Release|Any CPU
		{41DDFCB9-3350-486F-9B48-F3BE448D114B}.Release|Any CPU.Build.0 = Release|Any CPU
		{D01F2E20-D7B0-4FCC-BB59-FF53DE9C3013}.Debug|Any CPU.ActiveCfg = Debug|Any CPU
		{D01F2E20-D7B0-4FCC-BB59-FF53DE9C3013}.Debug|Any CPU.Build.0 = Debug|Any CPU
		{D01F2E20-D7B0-4FCC-BB59-FF53DE9C3013}.Release|Any CPU.ActiveCfg = Release|Any CPU
		{D01F2E20-D7B0-4FCC-BB59-FF53DE9C3013}.Release|Any CPU.Build.0 = Release|Any CPU
		{6A8C6F8A-3B42-4297-96BF-16B0CB78BCD7}.Debug|Any CPU.ActiveCfg = Debug|Any CPU
		{6A8C6F8A-3B42-4297-96BF-16B0CB78BCD7}.Debug|Any CPU.Build.0 = Debug|Any CPU
		{6A8C6F8A-3B42-4297-96BF-16B0CB78BCD7}.Release|Any CPU.ActiveCfg = Release|Any CPU
		{6A8C6F8A-3B42-4297-96BF-16B0CB78BCD7}.Release|Any CPU.Build.0 = Release|Any CPU
		{C0F71487-8CF9-4442-961E-D4230199BE74}.Debug|Any CPU.ActiveCfg = Debug|Any CPU
		{C0F71487-8CF9-4442-961E-D4230199BE74}.Debug|Any CPU.Build.0 = Debug|Any CPU
		{C0F71487-8CF9-4442-961E-D4230199BE74}.Release|Any CPU.ActiveCfg = Release|Any CPU
		{C0F71487-8CF9-4442-961E-D4230199BE74}.Release|Any CPU.Build.0 = Release|Any CPU
		{4050433E-37D9-4CC8-B7C2-42071A8BC02B}.Debug|Any CPU.ActiveCfg = Debug|Any CPU
		{4050433E-37D9-4CC8-B7C2-42071A8BC02B}.Debug|Any CPU.Build.0 = Debug|Any CPU
		{4050433E-37D9-4CC8-B7C2-42071A8BC02B}.Release|Any CPU.ActiveCfg = Release|Any CPU
		{4050433E-37D9-4CC8-B7C2-42071A8BC02B}.Release|Any CPU.Build.0 = Release|Any CPU
		{E3D311A3-67FB-479A-A530-DD346893D236}.Debug|Any CPU.ActiveCfg = Debug|Any CPU
		{E3D311A3-67FB-479A-A530-DD346893D236}.Debug|Any CPU.Build.0 = Debug|Any CPU
		{E3D311A3-67FB-479A-A530-DD346893D236}.Release|Any CPU.ActiveCfg = Release|Any CPU
		{E3D311A3-67FB-479A-A530-DD346893D236}.Release|Any CPU.Build.0 = Release|Any CPU
		{B7C7A734-7C78-4B2C-8B66-9B0476B2AB06}.Debug|Any CPU.ActiveCfg = Debug|Any CPU
		{B7C7A734-7C78-4B2C-8B66-9B0476B2AB06}.Debug|Any CPU.Build.0 = Debug|Any CPU
		{B7C7A734-7C78-4B2C-8B66-9B0476B2AB06}.Release|Any CPU.ActiveCfg = Release|Any CPU
		{B7C7A734-7C78-4B2C-8B66-9B0476B2AB06}.Release|Any CPU.Build.0 = Release|Any CPU
		{AAB8D085-40C7-44B0-A7DF-2C44485B5709}.Debug|Any CPU.ActiveCfg = Debug|Any CPU
		{AAB8D085-40C7-44B0-A7DF-2C44485B5709}.Debug|Any CPU.Build.0 = Debug|Any CPU
		{AAB8D085-40C7-44B0-A7DF-2C44485B5709}.Release|Any CPU.ActiveCfg = Release|Any CPU
		{AAB8D085-40C7-44B0-A7DF-2C44485B5709}.Release|Any CPU.Build.0 = Release|Any CPU
		{2D1E728B-5BA9-4FDF-89DC-4199267B0FB1}.Debug|Any CPU.ActiveCfg = Debug|Any CPU
		{2D1E728B-5BA9-4FDF-89DC-4199267B0FB1}.Debug|Any CPU.Build.0 = Debug|Any CPU
		{2D1E728B-5BA9-4FDF-89DC-4199267B0FB1}.Release|Any CPU.ActiveCfg = Release|Any CPU
		{2D1E728B-5BA9-4FDF-89DC-4199267B0FB1}.Release|Any CPU.Build.0 = Release|Any CPU
	EndGlobalSection
	GlobalSection(SolutionProperties) = preSolution
		HideSolutionNode = FALSE
	EndGlobalSection
EndGlobal
